// !$*UTF8*$!
{
	archiveVersion = 1;
	classes = {
	};
	objectVersion = 77;
	objects = {

/* Begin PBXBuildFile section */
		2F2AF1182E511BFF00C8EEA7 /* SwiftUIBloc in Frameworks */ = {isa = PBXBuildFile; productRef = 2F2AF1172E511BFF00C8EEA7 /* SwiftUIBloc */; };
/* End PBXBuildFile section */

/* Begin PBXContainerItemProxy section */
		2F2AF0EE2E51158E00C8EEA7 /* PBXContainerItemProxy */ = {
			isa = PBXContainerItemProxy;
			containerPortal = 2F2AF0D82E51158C00C8EEA7 /* Project object */;
			proxyType = 1;
			remoteGlobalIDString = 2F2AF0DF2E51158C00C8EEA7;
			remoteInfo = SwiftUIBlocExample;
		};
		2F2AF0F82E51158E00C8EEA7 /* PBXContainerItemProxy */ = {
			isa = PBXContainerItemProxy;
			containerPortal = 2F2AF0D82E51158C00C8EEA7 /* Project object */;
			proxyType = 1;
			remoteGlobalIDString = 2F2AF0DF2E51158C00C8EEA7;
			remoteInfo = SwiftUIBlocExample;
		};
/* End PBXContainerItemProxy section */

/* Begin PBXFileReference section */
		2F2AF0E02E51158C00C8EEA7 /* SwiftUIBlocExample.app */ = {isa = PBXFileReference; explicitFileType = wrapper.application; includeInIndex = 0; path = SwiftUIBlocExample.app; sourceTree = BUILT_PRODUCTS_DIR; };
		2F2AF0ED2E51158E00C8EEA7 /* SwiftUIBlocExampleTests.xctest */ = {isa = PBXFileReference; explicitFileType = wrapper.cfbundle; includeInIndex = 0; path = SwiftUIBlocExampleTests.xctest; sourceTree = BUILT_PRODUCTS_DIR; };
		2F2AF0F72E51158E00C8EEA7 /* SwiftUIBlocExampleUITests.xctest */ = {isa = PBXFileReference; explicitFileType = wrapper.cfbundle; includeInIndex = 0; path = SwiftUIBlocExampleUITests.xctest; sourceTree = BUILT_PRODUCTS_DIR; };
/* End PBXFileReference section */

/* Begin PBXFileSystemSynchronizedRootGroup section */
		2F2AF0E22E51158C00C8EEA7 /* SwiftUIBlocExample */ = {
			isa = PBXFileSystemSynchronizedRootGroup;
			path = SwiftUIBlocExample;
			sourceTree = "<group>";
		};
		2F2AF0F02E51158E00C8EEA7 /* SwiftUIBlocExampleTests */ = {
			isa = PBXFileSystemSynchronizedRootGroup;
			path = SwiftUIBlocExampleTests;
			sourceTree = "<group>";
		};
		2F2AF0FA2E51158E00C8EEA7 /* SwiftUIBlocExampleUITests */ = {
			isa = PBXFileSystemSynchronizedRootGroup;
			path = SwiftUIBlocExampleUITests;
			sourceTree = "<group>";
		};
/* End PBXFileSystemSynchronizedRootGroup section */

/* Begin PBXFrameworksBuildPhase section */
		2F2AF0DD2E51158C00C8EEA7 /* Frameworks */ = {
			isa = PBXFrameworksBuildPhase;
			buildActionMask = 2147483647;
			files = (
				2F2AF1182E511BFF00C8EEA7 /* SwiftUIBloc in Frameworks */,
			);
			runOnlyForDeploymentPostprocessing = 0;
		};
		2F2AF0EA2E51158E00C8EEA7 /* Frameworks */ = {
			isa = PBXFrameworksBuildPhase;
			buildActionMask = 2147483647;
			files = (
			);
			runOnlyForDeploymentPostprocessing = 0;
		};
		2F2AF0F42E51158E00C8EEA7 /* Frameworks */ = {
			isa = PBXFrameworksBuildPhase;
			buildActionMask = 2147483647;
			files = (
			);
			runOnlyForDeploymentPostprocessing = 0;
		};
/* End PBXFrameworksBuildPhase section */

/* Begin PBXGroup section */
		2F2AF0D72E51158C00C8EEA7 = {
			isa = PBXGroup;
			children = (
				2F2AF0E22E51158C00C8EEA7 /* SwiftUIBlocExample */,
				2F2AF0F02E51158E00C8EEA7 /* SwiftUIBlocExampleTests */,
				2F2AF0FA2E51158E00C8EEA7 /* SwiftUIBlocExampleUITests */,
				2F2AF0E12E51158C00C8EEA7 /* Products */,
			);
			sourceTree = "<group>";
		};
		2F2AF0E12E51158C00C8EEA7 /* Products */ = {
			isa = PBXGroup;
			children = (
				2F2AF0E02E51158C00C8EEA7 /* SwiftUIBlocExample.app */,
				2F2AF0ED2E51158E00C8EEA7 /* SwiftUIBlocExampleTests.xctest */,
				2F2AF0F72E51158E00C8EEA7 /* SwiftUIBlocExampleUITests.xctest */,
			);
			name = Products;
			sourceTree = "<group>";
		};
/* End PBXGroup section */

/* Begin PBXNativeTarget section */
		2F2AF0DF2E51158C00C8EEA7 /* SwiftUIBlocExample */ = {
			isa = PBXNativeTarget;
			buildConfigurationList = 2F2AF1012E51158E00C8EEA7 /* Build configuration list for PBXNativeTarget "SwiftUIBlocExample" */;
			buildPhases = (
				2F2AF0DC2E51158C00C8EEA7 /* Sources */,
				2F2AF0DD2E51158C00C8EEA7 /* Frameworks */,
				2F2AF0DE2E51158C00C8EEA7 /* Resources */,
			);
			buildRules = (
			);
			dependencies = (
			);
			fileSystemSynchronizedGroups = (
				2F2AF0E22E51158C00C8EEA7 /* SwiftUIBlocExample */,
			);
			name = SwiftUIBlocExample;
			packageProductDependencies = (
				2F2AF1172E511BFF00C8EEA7 /* SwiftUIBloc */,
			);
			productName = SwiftUIBlocExample;
			productReference = 2F2AF0E02E51158C00C8EEA7 /* SwiftUIBlocExample.app */;
			productType = "com.apple.product-type.application";
		};
		2F2AF0EC2E51158E00C8EEA7 /* SwiftUIBlocExampleTests */ = {
			isa = PBXNativeTarget;
			buildConfigurationList = 2F2AF1042E51158E00C8EEA7 /* Build configuration list for PBXNativeTarget "SwiftUIBlocExampleTests" */;
			buildPhases = (
				2F2AF0E92E51158E00C8EEA7 /* Sources */,
				2F2AF0EA2E51158E00C8EEA7 /* Frameworks */,
				2F2AF0EB2E51158E00C8EEA7 /* Resources */,
			);
			buildRules = (
			);
			dependencies = (
				2F2AF0EF2E51158E00C8EEA7 /* PBXTargetDependency */,
			);
			fileSystemSynchronizedGroups = (
				2F2AF0F02E51158E00C8EEA7 /* SwiftUIBlocExampleTests */,
			);
			name = SwiftUIBlocExampleTests;
			packageProductDependencies = (
			);
			productName = SwiftUIBlocExampleTests;
			productReference = 2F2AF0ED2E51158E00C8EEA7 /* SwiftUIBlocExampleTests.xctest */;
			productType = "com.apple.product-type.bundle.unit-test";
		};
		2F2AF0F62E51158E00C8EEA7 /* SwiftUIBlocExampleUITests */ = {
			isa = PBXNativeTarget;
			buildConfigurationList = 2F2AF1072E51158E00C8EEA7 /* Build configuration list for PBXNativeTarget "SwiftUIBlocExampleUITests" */;
			buildPhases = (
				2F2AF0F32E51158E00C8EEA7 /* Sources */,
				2F2AF0F42E51158E00C8EEA7 /* Frameworks */,
				2F2AF0F52E51158E00C8EEA7 /* Resources */,
			);
			buildRules = (
			);
			dependencies = (
				2F2AF0F92E51158E00C8EEA7 /* PBXTargetDependency */,
			);
			fileSystemSynchronizedGroups = (
				2F2AF0FA2E51158E00C8EEA7 /* SwiftUIBlocExampleUITests */,
			);
			name = SwiftUIBlocExampleUITests;
			packageProductDependencies = (
			);
			productName = SwiftUIBlocExampleUITests;
			productReference = 2F2AF0F72E51158E00C8EEA7 /* SwiftUIBlocExampleUITests.xctest */;
			productType = "com.apple.product-type.bundle.ui-testing";
		};
/* End PBXNativeTarget section */

/* Begin PBXProject section */
		2F2AF0D82E51158C00C8EEA7 /* Project object */ = {
			isa = PBXProject;
			attributes = {
				BuildIndependentTargetsInParallel = 1;
				LastSwiftUpdateCheck = 1630;
				LastUpgradeCheck = 1630;
				TargetAttributes = {
					2F2AF0DF2E51158C00C8EEA7 = {
						CreatedOnToolsVersion = 16.3;
					};
					2F2AF0EC2E51158E00C8EEA7 = {
						CreatedOnToolsVersion = 16.3;
						TestTargetID = 2F2AF0DF2E51158C00C8EEA7;
					};
					2F2AF0F62E51158E00C8EEA7 = {
						CreatedOnToolsVersion = 16.3;
						TestTargetID = 2F2AF0DF2E51158C00C8EEA7;
					};
				};
			};
			buildConfigurationList = 2F2AF0DB2E51158C00C8EEA7 /* Build configuration list for PBXProject "SwiftUIBlocExample" */;
			developmentRegion = en;
			hasScannedForEncodings = 0;
			knownRegions = (
				en,
				Base,
			);
			mainGroup = 2F2AF0D72E51158C00C8EEA7;
			minimizedProjectReferenceProxies = 1;
			packageReferences = (
				2F2AF1162E511BFF00C8EEA7 /* XCRemoteSwiftPackageReference "SwiftUIBloc" */,
			);
			preferredProjectObjectVersion = 77;
			productRefGroup = 2F2AF0E12E51158C00C8EEA7 /* Products */;
			projectDirPath = "";
			projectRoot = "";
			targets = (
				2F2AF0DF2E51158C00C8EEA7 /* SwiftUIBlocExample */,
				2F2AF0EC2E51158E00C8EEA7 /* SwiftUIBlocExampleTests */,
				2F2AF0F62E51158E00C8EEA7 /* SwiftUIBlocExampleUITests */,
			);
		};
/* End PBXProject section */

/* Begin PBXResourcesBuildPhase section */
		2F2AF0DE2E51158C00C8EEA7 /* Resources */ = {
			isa = PBXResourcesBuildPhase;
			buildActionMask = 2147483647;
			files = (
			);
			runOnlyForDeploymentPostprocessing = 0;
		};
		2F2AF0EB2E51158E00C8EEA7 /* Resources */ = {
			isa = PBXResourcesBuildPhase;
			buildActionMask = 2147483647;
			files = (
			);
			runOnlyForDeploymentPostprocessing = 0;
		};
		2F2AF0F52E51158E00C8EEA7 /* Resources */ = {
			isa = PBXResourcesBuildPhase;
			buildActionMask = 2147483647;
			files = (
			);
			runOnlyForDeploymentPostprocessing = 0;
		};
/* End PBXResourcesBuildPhase section */

/* Begin PBXSourcesBuildPhase section */
		2F2AF0DC2E51158C00C8EEA7 /* Sources */ = {
			isa = PBXSourcesBuildPhase;
			buildActionMask = 2147483647;
			files = (
			);
			runOnlyForDeploymentPostprocessing = 0;
		};
		2F2AF0E92E51158E00C8EEA7 /* Sources */ = {
			isa = PBXSourcesBuildPhase;
			buildActionMask = 2147483647;
			files = (
			);
			runOnlyForDeploymentPostprocessing = 0;
		};
		2F2AF0F32E51158E00C8EEA7 /* Sources */ = {
			isa = PBXSourcesBuildPhase;
			buildActionMask = 2147483647;
			files = (
			);
			runOnlyForDeploymentPostprocessing = 0;
		};
/* End PBXSourcesBuildPhase section */

/* Begin PBXTargetDependency section */
		2F2AF0EF2E51158E00C8EEA7 /* PBXTargetDependency */ = {
			isa = PBXTargetDependency;
			target = 2F2AF0DF2E51158C00C8EEA7 /* SwiftUIBlocExample */;
			targetProxy = 2F2AF0EE2E51158E00C8EEA7 /* PBXContainerItemProxy */;
		};
		2F2AF0F92E51158E00C8EEA7 /* PBXTargetDependency */ = {
			isa = PBXTargetDependency;
			target = 2F2AF0DF2E51158C00C8EEA7 /* SwiftUIBlocExample */;
			targetProxy = 2F2AF0F82E51158E00C8EEA7 /* PBXContainerItemProxy */;
		};
/* End PBXTargetDependency section */

/* Begin XCBuildConfiguration section */
		2F2AF0FF2E51158E00C8EEA7 /* Debug */ = {
			isa = XCBuildConfiguration;
			buildSettings = {
				ALWAYS_SEARCH_USER_PATHS = NO;
				ASSETCATALOG_COMPILER_GENERATE_SWIFT_ASSET_SYMBOL_EXTENSIONS = YES;
				CLANG_ANALYZER_NONNULL = YES;
				CLANG_ANALYZER_NUMBER_OBJECT_CONVERSION = YES_AGGRESSIVE;
				CLANG_CXX_LANGUAGE_STANDARD = "gnu++20";
				CLANG_ENABLE_MODULES = YES;
				CLANG_ENABLE_OBJC_ARC = YES;
				CLANG_ENABLE_OBJC_WEAK = YES;
				CLANG_WARN_BLOCK_CAPTURE_AUTORELEASING = YES;
				CLANG_WARN_BOOL_CONVERSION = YES;
				CLANG_WARN_COMMA = YES;
				CLANG_WARN_CONSTANT_CONVERSION = YES;
				CLANG_WARN_DEPRECATED_OBJC_IMPLEMENTATIONS = YES;
				CLANG_WARN_DIRECT_OBJC_ISA_USAGE = YES_ERROR;
				CLANG_WARN_DOCUMENTATION_COMMENTS = YES;
				CLANG_WARN_EMPTY_BODY = YES;
				CLANG_WARN_ENUM_CONVERSION = YES;
				CLANG_WARN_INFINITE_RECURSION = YES;
				CLANG_WARN_INT_CONVERSION = YES;
				CLANG_WARN_NON_LITERAL_NULL_CONVERSION = YES;
				CLANG_WARN_OBJC_IMPLICIT_RETAIN_SELF = YES;
				CLANG_WARN_OBJC_LITERAL_CONVERSION = YES;
				CLANG_WARN_OBJC_ROOT_CLASS = YES_ERROR;
				CLANG_WARN_QUOTED_INCLUDE_IN_FRAMEWORK_HEADER = YES;
				CLANG_WARN_RANGE_LOOP_ANALYSIS = YES;
				CLANG_WARN_STRICT_PROTOTYPES = YES;
				CLANG_WARN_SUSPICIOUS_MOVE = YES;
				CLANG_WARN_UNGUARDED_AVAILABILITY = YES_AGGRESSIVE;
				CLANG_WARN_UNREACHABLE_CODE = YES;
				CLANG_WARN__DUPLICATE_METHOD_MATCH = YES;
				COPY_PHASE_STRIP = NO;
				DEBUG_INFORMATION_FORMAT = dwarf;
				ENABLE_STRICT_OBJC_MSGSEND = YES;
				ENABLE_TESTABILITY = YES;
				ENABLE_USER_SCRIPT_SANDBOXING = YES;
				GCC_C_LANGUAGE_STANDARD = gnu17;
				GCC_DYNAMIC_NO_PIC = NO;
				GCC_NO_COMMON_BLOCKS = YES;
				GCC_OPTIMIZATION_LEVEL = 0;
				GCC_PREPROCESSOR_DEFINITIONS = (
					"DEBUG=1",
					"$(inherited)",
				);
				GCC_WARN_64_TO_32_BIT_CONVERSION = YES;
				GCC_WARN_ABOUT_RETURN_TYPE = YES_ERROR;
				GCC_WARN_UNDECLARED_SELECTOR = YES;
				GCC_WARN_UNINITIALIZED_AUTOS = YES_AGGRESSIVE;
				GCC_WARN_UNUSED_FUNCTION = YES;
				GCC_WARN_UNUSED_VARIABLE = YES;
				IPHONEOS_DEPLOYMENT_TARGET = 18.4;
				LOCALIZATION_PREFERS_STRING_CATALOGS = YES;
				MTL_ENABLE_DEBUG_INFO = INCLUDE_SOURCE;
				MTL_FAST_MATH = YES;
				ONLY_ACTIVE_ARCH = YES;
				SDKROOT = iphoneos;
				SWIFT_ACTIVE_COMPILATION_CONDITIONS = "DEBUG $(inherited)";
				SWIFT_OPTIMIZATION_LEVEL = "-Onone";
			};
			name = Debug;
		};
		2F2AF1002E51158E00C8EEA7 /* Release */ = {
			isa = XCBuildConfiguration;
			buildSettings = {
				ALWAYS_SEARCH_USER_PATHS = NO;
				ASSETCATALOG_COMPILER_GENERATE_SWIFT_ASSET_SYMBOL_EXTENSIONS = YES;
				CLANG_ANALYZER_NONNULL = YES;
				CLANG_ANALYZER_NUMBER_OBJECT_CONVERSION = YES_AGGRESSIVE;
				CLANG_CXX_LANGUAGE_STANDARD = "gnu++20";
				CLANG_ENABLE_MODULES = YES;
				CLANG_ENABLE_OBJC_ARC = YES;
				CLANG_ENABLE_OBJC_WEAK = YES;
				CLANG_WARN_BLOCK_CAPTURE_AUTORELEASING = YES;
				CLANG_WARN_BOOL_CONVERSION = YES;
				CLANG_WARN_COMMA = YES;
				CLANG_WARN_CONSTANT_CONVERSION = YES;
				CLANG_WARN_DEPRECATED_OBJC_IMPLEMENTATIONS = YES;
				CLANG_WARN_DIRECT_OBJC_ISA_USAGE = YES_ERROR;
				CLANG_WARN_DOCUMENTATION_COMMENTS = YES;
				CLANG_WARN_EMPTY_BODY = YES;
				CLANG_WARN_ENUM_CONVERSION = YES;
				CLANG_WARN_INFINITE_RECURSION = YES;
				CLANG_WARN_INT_CONVERSION = YES;
				CLANG_WARN_NON_LITERAL_NULL_CONVERSION = YES;
				CLANG_WARN_OBJC_IMPLICIT_RETAIN_SELF = YES;
				CLANG_WARN_OBJC_LITERAL_CONVERSION = YES;
				CLANG_WARN_OBJC_ROOT_CLASS = YES_ERROR;
				CLANG_WARN_QUOTED_INCLUDE_IN_FRAMEWORK_HEADER = YES;
				CLANG_WARN_RANGE_LOOP_ANALYSIS = YES;
				CLANG_WARN_STRICT_PROTOTYPES = YES;
				CLANG_WARN_SUSPICIOUS_MOVE = YES;
				CLANG_WARN_UNGUARDED_AVAILABILITY = YES_AGGRESSIVE;
				CLANG_WARN_UNREACHABLE_CODE = YES;
				CLANG_WARN__DUPLICATE_METHOD_MATCH = YES;
				COPY_PHASE_STRIP = NO;
				DEBUG_INFORMATION_FORMAT = "dwarf-with-dsym";
				ENABLE_NS_ASSERTIONS = NO;
				ENABLE_STRICT_OBJC_MSGSEND = YES;
				ENABLE_USER_SCRIPT_SANDBOXING = YES;
				GCC_C_LANGUAGE_STANDARD = gnu17;
				GCC_NO_COMMON_BLOCKS = YES;
				GCC_WARN_64_TO_32_BIT_CONVERSION = YES;
				GCC_WARN_ABOUT_RETURN_TYPE = YES_ERROR;
				GCC_WARN_UNDECLARED_SELECTOR = YES;
				GCC_WARN_UNINITIALIZED_AUTOS = YES_AGGRESSIVE;
				GCC_WARN_UNUSED_FUNCTION = YES;
				GCC_WARN_UNUSED_VARIABLE = YES;
				IPHONEOS_DEPLOYMENT_TARGET = 18.4;
				LOCALIZATION_PREFERS_STRING_CATALOGS = YES;
				MTL_ENABLE_DEBUG_INFO = NO;
				MTL_FAST_MATH = YES;
				SDKROOT = iphoneos;
				SWIFT_COMPILATION_MODE = wholemodule;
				VALIDATE_PRODUCT = YES;
			};
			name = Release;
		};
		2F2AF1022E51158E00C8EEA7 /* Debug */ = {
			isa = XCBuildConfiguration;
			buildSettings = {
				ASSETCATALOG_COMPILER_APPICON_NAME = AppIcon;
				ASSETCATALOG_COMPILER_GLOBAL_ACCENT_COLOR_NAME = AccentColor;
				CODE_SIGN_STYLE = Automatic;
				CURRENT_PROJECT_VERSION = 1;
				DEVELOPMENT_TEAM = AB7PV685D5;
				ENABLE_PREVIEWS = YES;
				GENERATE_INFOPLIST_FILE = YES;
				INFOPLIST_KEY_UIApplicationSceneManifest_Generation = YES;
				INFOPLIST_KEY_UIApplicationSupportsIndirectInputEvents = YES;
				INFOPLIST_KEY_UILaunchScreen_Generation = YES;
				INFOPLIST_KEY_UISupportedInterfaceOrientations_iPad = "UIInterfaceOrientationPortrait UIInterfaceOrientationPortraitUpsideDown UIInterfaceOrientationLandscapeLeft UIInterfaceOrientationLandscapeRight";
				INFOPLIST_KEY_UISupportedInterfaceOrientations_iPhone = "UIInterfaceOrientationPortrait UIInterfaceOrientationLandscapeLeft UIInterfaceOrientationLandscapeRight";
				LD_RUNPATH_SEARCH_PATHS = (
					"$(inherited)",
					"@executable_path/Frameworks",
				);
				MARKETING_VERSION = 1.0;
				PRODUCT_BUNDLE_IDENTIFIER = com.longhoang.SwiftUIBlocExample;
				PRODUCT_NAME = "$(TARGET_NAME)";
				SWIFT_EMIT_LOC_STRINGS = YES;
				SWIFT_VERSION = 5.0;
				TARGETED_DEVICE_FAMILY = "1,2";
			};
			name = Debug;
		};
		2F2AF1032E51158E00C8EEA7 /* Release */ = {
			isa = XCBuildConfiguration;
			buildSettings = {
				ASSETCATALOG_COMPILER_APPICON_NAME = AppIcon;
				ASSETCATALOG_COMPILER_GLOBAL_ACCENT_COLOR_NAME = AccentColor;
				CODE_SIGN_STYLE = Automatic;
				CURRENT_PROJECT_VERSION = 1;
				DEVELOPMENT_TEAM = AB7PV685D5;
				ENABLE_PREVIEWS = YES;
				GENERATE_INFOPLIST_FILE = YES;
				INFOPLIST_KEY_UIApplicationSceneManifest_Generation = YES;
				INFOPLIST_KEY_UIApplicationSupportsIndirectInputEvents = YES;
				INFOPLIST_KEY_UILaunchScreen_Generation = YES;
				INFOPLIST_KEY_UISupportedInterfaceOrientations_iPad = "UIInterfaceOrientationPortrait UIInterfaceOrientationPortraitUpsideDown UIInterfaceOrientationLandscapeLeft UIInterfaceOrientationLandscapeRight";
				INFOPLIST_KEY_UISupportedInterfaceOrientations_iPhone = "UIInterfaceOrientationPortrait UIInterfaceOrientationLandscapeLeft UIInterfaceOrientationLandscapeRight";
				LD_RUNPATH_SEARCH_PATHS = (
					"$(inherited)",
					"@executable_path/Frameworks",
				);
				MARKETING_VERSION = 1.0;
				PRODUCT_BUNDLE_IDENTIFIER = com.longhoang.SwiftUIBlocExample;
				PRODUCT_NAME = "$(TARGET_NAME)";
				SWIFT_EMIT_LOC_STRINGS = YES;
				SWIFT_VERSION = 5.0;
				TARGETED_DEVICE_FAMILY = "1,2";
			};
			name = Release;
		};
		2F2AF1052E51158E00C8EEA7 /* Debug */ = {
			isa = XCBuildConfiguration;
			buildSettings = {
				BUNDLE_LOADER = "$(TEST_HOST)";
				CODE_SIGN_STYLE = Automatic;
				CURRENT_PROJECT_VERSION = 1;
				GENERATE_INFOPLIST_FILE = YES;
				IPHONEOS_DEPLOYMENT_TARGET = 18.4;
				MARKETING_VERSION = 1.0;
				PRODUCT_BUNDLE_IDENTIFIER = com.longhoang.SwiftUIBlocExampleTests;
				PRODUCT_NAME = "$(TARGET_NAME)";
				SWIFT_EMIT_LOC_STRINGS = NO;
				SWIFT_VERSION = 5.0;
				TARGETED_DEVICE_FAMILY = "1,2";
				TEST_HOST = "$(BUILT_PRODUCTS_DIR)/SwiftUIBlocExample.app/$(BUNDLE_EXECUTABLE_FOLDER_PATH)/SwiftUIBlocExample";
			};
			name = Debug;
		};
		2F2AF1062E51158E00C8EEA7 /* Release */ = {
			isa = XCBuildConfiguration;
			buildSettings = {
				BUNDLE_LOADER = "$(TEST_HOST)";
				CODE_SIGN_STYLE = Automatic;
				CURRENT_PROJECT_VERSION = 1;
				GENERATE_INFOPLIST_FILE = YES;
				IPHONEOS_DEPLOYMENT_TARGET = 18.4;
				MARKETING_VERSION = 1.0;
				PRODUCT_BUNDLE_IDENTIFIER = com.longhoang.SwiftUIBlocExampleTests;
				PRODUCT_NAME = "$(TARGET_NAME)";
				SWIFT_EMIT_LOC_STRINGS = NO;
				SWIFT_VERSION = 5.0;
				TARGETED_DEVICE_FAMILY = "1,2";
				TEST_HOST = "$(BUILT_PRODUCTS_DIR)/SwiftUIBlocExample.app/$(BUNDLE_EXECUTABLE_FOLDER_PATH)/SwiftUIBlocExample";
			};
			name = Release;
		};
		2F2AF1082E51158E00C8EEA7 /* Debug */ = {
			isa = XCBuildConfiguration;
			buildSettings = {
				CODE_SIGN_STYLE = Automatic;
				CURRENT_PROJECT_VERSION = 1;
				GENERATE_INFOPLIST_FILE = YES;
				MARKETING_VERSION = 1.0;
				PRODUCT_BUNDLE_IDENTIFIER = com.longhoang.SwiftUIBlocExampleUITests;
				PRODUCT_NAME = "$(TARGET_NAME)";
				SWIFT_EMIT_LOC_STRINGS = NO;
				SWIFT_VERSION = 5.0;
				TARGETED_DEVICE_FAMILY = "1,2";
				TEST_TARGET_NAME = SwiftUIBlocExample;
			};
			name = Debug;
		};
		2F2AF1092E51158E00C8EEA7 /* Release */ = {
			isa = XCBuildConfiguration;
			buildSettings = {
				CODE_SIGN_STYLE = Automatic;
				CURRENT_PROJECT_VERSION = 1;
				GENERATE_INFOPLIST_FILE = YES;
				MARKETING_VERSION = 1.0;
				PRODUCT_BUNDLE_IDENTIFIER = com.longhoang.SwiftUIBlocExampleUITests;
				PRODUCT_NAME = "$(TARGET_NAME)";
				SWIFT_EMIT_LOC_STRINGS = NO;
				SWIFT_VERSION = 5.0;
				TARGETED_DEVICE_FAMILY = "1,2";
				TEST_TARGET_NAME = SwiftUIBlocExample;
			};
			name = Release;
		};
/* End XCBuildConfiguration section */

/* Begin XCConfigurationList section */
		2F2AF0DB2E51158C00C8EEA7 /* Build configuration list for PBXProject "SwiftUIBlocExample" */ = {
			isa = XCConfigurationList;
			buildConfigurations = (
				2F2AF0FF2E51158E00C8EEA7 /* Debug */,
				2F2AF1002E51158E00C8EEA7 /* Release */,
			);
			defaultConfigurationIsVisible = 0;
			defaultConfigurationName = Release;
		};
		2F2AF1012E51158E00C8EEA7 /* Build configuration list for PBXNativeTarget "SwiftUIBlocExample" */ = {
			isa = XCConfigurationList;
			buildConfigurations = (
				2F2AF1022E51158E00C8EEA7 /* Debug */,
				2F2AF1032E51158E00C8EEA7 /* Release */,
			);
			defaultConfigurationIsVisible = 0;
			defaultConfigurationName = Release;
		};
		2F2AF1042E51158E00C8EEA7 /* Build configuration list for PBXNativeTarget "SwiftUIBlocExampleTests" */ = {
			isa = XCConfigurationList;
			buildConfigurations = (
				2F2AF1052E51158E00C8EEA7 /* Debug */,
				2F2AF1062E51158E00C8EEA7 /* Release */,
			);
			defaultConfigurationIsVisible = 0;
			defaultConfigurationName = Release;
		};
		2F2AF1072E51158E00C8EEA7 /* Build configuration list for PBXNativeTarget "SwiftUIBlocExampleUITests" */ = {
			isa = XCConfigurationList;
			buildConfigurations = (
				2F2AF1082E51158E00C8EEA7 /* Debug */,
				2F2AF1092E51158E00C8EEA7 /* Release */,
			);
			defaultConfigurationIsVisible = 0;
			defaultConfigurationName = Release;
		};
/* End XCConfigurationList section */

/* Begin XCRemoteSwiftPackageReference section */
		2F2AF1162E511BFF00C8EEA7 /* XCRemoteSwiftPackageReference "SwiftUIBloc" */ = {
			isa = XCRemoteSwiftPackageReference;
			repositoryURL = "https://github.com/longhoang2984/SwiftUIBloc";
			requirement = {
				branch = main;
				kind = branch;
			};
		};
/* End XCRemoteSwiftPackageReference section */

/* Begin XCSwiftPackageProductDependency section */
		2F2AF1172E511BFF00C8EEA7 /* SwiftUIBloc */ = {
			isa = XCSwiftPackageProductDependency;
			package = 2F2AF1162E511BFF00C8EEA7 /* XCRemoteSwiftPackageReference "SwiftUIBloc" */;
			productName = SwiftUIBloc;
		};
/* End XCSwiftPackageProductDependency section */
	};
	rootObject = 2F2AF0D82E51158C00C8EEA7 /* Project object */;
}
